schema: '2.0'
stages:
  download_data:
    cmd: python src/data/data_load.py
    deps:
    - path: src/data/data_load.py
      md5: 85962b85cc7f5882b00dd0bf8339c0f2
      size: 1040
    outs:
    - path: data/raw/BSDS300/images/
      md5: b293bc782b9deb97df5a4f94191280fd.dir
      size: 22247231
      nfiles: 300
  evaluate_model:
    cmd: python src/models/predict_model.py --input test.jpg --output out.jpg --model
      models/model.pth
    deps:
    - path: models/model.pth
      md5: 2cccdae30a6ccdfbf21b8939e22c7ac2
      size: 236687
    - path: src/models/predict_model.py
      md5: 641dd51f6bb8f396e19e364aba3548fb
      size: 2057
    outs:
    - path: out.jpg
      md5: 0f51533407cf00ae0cb54fb205a73a4a
      size: 229099
  fit_model:
    cmd: python src/models/train_model.py --epoch=5
    deps:
    - path: data/raw/BSDS300/images/
      md5: b293bc782b9deb97df5a4f94191280fd.dir
      size: 22247231
      nfiles: 300
    - path: src/models/train_model.py
      md5: 5bc7f9f919a933bc11d956002c6a0928
      size: 5141
    outs:
    - path: mse_loss.jpg
      md5: 6ebde777483b0b0422febf927f397c9f
      size: 47074
    - path: psnr.jpg
      md5: 4cd1412fe5084bcea7716b262dea7f68
      size: 48167
