schema: '2.0'
stages:
  download_data:
    cmd: python src/data/data_load.py
    deps:
    - path: src/data/data_load.py
      md5: 85962b85cc7f5882b00dd0bf8339c0f2
      size: 1040
    outs:
    - path: data/raw/BSDS300/images/
      md5: b293bc782b9deb97df5a4f94191280fd.dir
      size: 22247231
      nfiles: 300
  evaluate_model:
    cmd: python src/models/predict_model.py --input test.jpg --output out.jpg --model
      models/model.pth
    deps:
    - path: models/model.pth
      md5: 1196754a05fc2794f40cd7f66bcfe934
      size: 236687
    - path: src/models/predict_model.py
      md5: 641dd51f6bb8f396e19e364aba3548fb
      size: 2057
    outs:
    - path: out.jpg
      md5: 4a641e76e62e7c5396ef68dc45f51d04
      size: 231381
  fit_model:
    cmd: python src/models/train_model.py --epoch=5
    deps:
    - path: data/raw/BSDS300/images/
      md5: b293bc782b9deb97df5a4f94191280fd.dir
      size: 22247231
      nfiles: 300
    - path: src/models/train_model.py
      md5: 447adfb59976377a486fdb12e986efbd
      size: 4773
    outs:
    - path: mse_loss.jpg
      md5: 025a6a7d051db33db9bfb5b75d6af8e4
      size: 44877
    - path: psnr.jpg
      md5: ac5c27e1e2dbf4eff4b8fb1fbc76e3a1
      size: 46716
